{
  "requires": true,
  "lockfileVersion": 1,
  "dependencies": {
    "u-reset.css": {
      "version": "1.0.10",
      "resolved": "https://registry.npmjs.org/u-reset.css/-/u-reset.css-1.0.10.tgz",
      "integrity": "sha512-96yksEe10UBYNga0EqGNWw8FqexW7kwS8pusKD0zZ31GqrNPFHkUXksFBGBN47WwHPZ9HMyQUiE8HPfNIuJe/A=="
    }
  }
}
